
Microsoft Visual Studio Solution File, Format Version 12.00
# Visual Studio 15
Project("{FAE04EC0-301F-11D3-BF4B-00C04F79EFBC}") = "FMODUnity", "FMODUnity.csproj", "{FF68CB95-B1ED-3FA7-DF81-A7B8B645FD03}"
EndProject
Project("{FAE04EC0-301F-11D3-BF4B-00C04F79EFBC}") = "Assembly-CSharp", "Assembly-CSharp.csproj", "{E6AA765D-2329-9D5D-1035-DA0DF4AF9B4C}"
EndProject
Project("{FAE04EC0-301F-11D3-BF4B-00C04F79EFBC}") = "PhotonRealtime", "PhotonRealtime.csproj", "{F02350C6-FEAF-9F88-3EC7-8B31C54DF42B}"
EndProject
Project("{FAE04EC0-301F-11D3-BF4B-00C04F79EFBC}") = "PhotonUnityNetworking", "PhotonUnityNetworking.csproj", "{374C37C3-2351-EFD6-6B91-5C6F6BD5D047}"
EndProject
Project("{FAE04EC0-301F-11D3-BF4B-00C04F79EFBC}") = "PhotonUnityNetworking.Utilities", "PhotonUnityNetworking.Utilities.csproj", "{C533849D-AF5E-4DBB-23D7-0A96EC4F7637}"
EndProject
Project("{FAE04EC0-301F-11D3-BF4B-00C04F79EFBC}") = "Assembly-CSharp-firstpass", "Assembly-CSharp-firstpass.csproj", "{D917D6DE-EECC-FC71-DB1B-F3F5F0F5E8B3}"
EndProject
Project("{FAE04EC0-301F-11D3-BF4B-00C04F79EFBC}") = "FMODUnityResonance", "FMODUnityResonance.csproj", "{85546CF9-FB20-3CD5-AF87-9AE011762593}"
EndProject
Project("{FAE04EC0-301F-11D3-BF4B-00C04F79EFBC}") = "PhotonUnityNetworking.Editor", "PhotonUnityNetworking.Editor.csproj", "{03174C40-0F1D-1F27-6A1A-E8F9C825264E}"
EndProject
Project("{FAE04EC0-301F-11D3-BF4B-00C04F79EFBC}") = "FMODUnityEditor", "FMODUnityEditor.csproj", "{B78881F5-FAF3-6359-497A-FCFF83FE803D}"
EndProject
Project("{FAE04EC0-301F-11D3-BF4B-00C04F79EFBC}") = "PhotonUnityNetworking.Utilities.PhotonPlayer.Editor", "PhotonUnityNetworking.Utilities.PhotonPlayer.Editor.csproj", "{4582DE0B-47C1-79F5-D620-3796291F7729}"
EndProject
Project("{FAE04EC0-301F-11D3-BF4B-00C04F79EFBC}") = "PhotonUnityNetworking.Utilities.Culling.Editor", "PhotonUnityNetworking.Utilities.Culling.Editor.csproj", "{37680810-EF8D-E87B-B87C-ED8D2CD94E27}"
EndProject
Project("{FAE04EC0-301F-11D3-BF4B-00C04F79EFBC}") = "FMODUnityResonanceEditor", "FMODUnityResonanceEditor.csproj", "{C439F068-B680-6195-AE54-B46018DD039B}"
EndProject
Global
	GlobalSection(SolutionConfigurationPlatforms) = preSolution
		Debug|Any CPU = Debug|Any CPU
		Release|Any CPU = Release|Any CPU
	EndGlobalSection
	GlobalSection(ProjectConfigurationPlatforms) = postSolution
		{FF68CB95-B1ED-3FA7-DF81-A7B8B645FD03}.Debug|Any CPU.ActiveCfg = Debug|Any CPU
		{FF68CB95-B1ED-3FA7-DF81-A7B8B645FD03}.Debug|Any CPU.Build.0 = Debug|Any CPU
		{FF68CB95-B1ED-3FA7-DF81-A7B8B645FD03}.Release|Any CPU.ActiveCfg = Release|Any CPU
		{FF68CB95-B1ED-3FA7-DF81-A7B8B645FD03}.Release|Any CPU.Build.0 = Release|Any CPU
		{E6AA765D-2329-9D5D-1035-DA0DF4AF9B4C}.Debug|Any CPU.ActiveCfg = Debug|Any CPU
		{E6AA765D-2329-9D5D-1035-DA0DF4AF9B4C}.Debug|Any CPU.Build.0 = Debug|Any CPU
		{E6AA765D-2329-9D5D-1035-DA0DF4AF9B4C}.Release|Any CPU.ActiveCfg = Release|Any CPU
		{E6AA765D-2329-9D5D-1035-DA0DF4AF9B4C}.Release|Any CPU.Build.0 = Release|Any CPU
		{F02350C6-FEAF-9F88-3EC7-8B31C54DF42B}.Debug|Any CPU.ActiveCfg = Debug|Any CPU
		{F02350C6-FEAF-9F88-3EC7-8B31C54DF42B}.Debug|Any CPU.Build.0 = Debug|Any CPU
		{F02350C6-FEAF-9F88-3EC7-8B31C54DF42B}.Release|Any CPU.ActiveCfg = Release|Any CPU
		{F02350C6-FEAF-9F88-3EC7-8B31C54DF42B}.Release|Any CPU.Build.0 = Release|Any CPU
		{374C37C3-2351-EFD6-6B91-5C6F6BD5D047}.Debug|Any CPU.ActiveCfg = Debug|Any CPU
		{374C37C3-2351-EFD6-6B91-5C6F6BD5D047}.Debug|Any CPU.Build.0 = Debug|Any CPU
		{374C37C3-2351-EFD6-6B91-5C6F6BD5D047}.Release|Any CPU.ActiveCfg = Release|Any CPU
		{374C37C3-2351-EFD6-6B91-5C6F6BD5D047}.Release|Any CPU.Build.0 = Release|Any CPU
		{C533849D-AF5E-4DBB-23D7-0A96EC4F7637}.Debug|Any CPU.ActiveCfg = Debug|Any CPU
		{C533849D-AF5E-4DBB-23D7-0A96EC4F7637}.Debug|Any CPU.Build.0 = Debug|Any CPU
		{C533849D-AF5E-4DBB-23D7-0A96EC4F7637}.Release|Any CPU.ActiveCfg = Release|Any CPU
		{C533849D-AF5E-4DBB-23D7-0A96EC4F7637}.Release|Any CPU.Build.0 = Release|Any CPU
		{D917D6DE-EECC-FC71-DB1B-F3F5F0F5E8B3}.Debug|Any CPU.ActiveCfg = Debug|Any CPU
		{D917D6DE-EECC-FC71-DB1B-F3F5F0F5E8B3}.Debug|Any CPU.Build.0 = Debug|Any CPU
		{D917D6DE-EECC-FC71-DB1B-F3F5F0F5E8B3}.Release|Any CPU.ActiveCfg = Release|Any CPU
		{D917D6DE-EECC-FC71-DB1B-F3F5F0F5E8B3}.Release|Any CPU.Build.0 = Release|Any CPU
		{85546CF9-FB20-3CD5-AF87-9AE011762593}.Debug|Any CPU.ActiveCfg = Debug|Any CPU
		{85546CF9-FB20-3CD5-AF87-9AE011762593}.Debug|Any CPU.Build.0 = Debug|Any CPU
		{85546CF9-FB20-3CD5-AF87-9AE011762593}.Release|Any CPU.ActiveCfg = Release|Any CPU
		{85546CF9-FB20-3CD5-AF87-9AE011762593}.Release|Any CPU.Build.0 = Release|Any CPU
		{03174C40-0F1D-1F27-6A1A-E8F9C825264E}.Debug|Any CPU.ActiveCfg = Debug|Any CPU
		{03174C40-0F1D-1F27-6A1A-E8F9C825264E}.Debug|Any CPU.Build.0 = Debug|Any CPU
		{03174C40-0F1D-1F27-6A1A-E8F9C825264E}.Release|Any CPU.ActiveCfg = Release|Any CPU
		{03174C40-0F1D-1F27-6A1A-E8F9C825264E}.Release|Any CPU.Build.0 = Release|Any CPU
		{B78881F5-FAF3-6359-497A-FCFF83FE803D}.Debug|Any CPU.ActiveCfg = Debug|Any CPU
		{B78881F5-FAF3-6359-497A-FCFF83FE803D}.Debug|Any CPU.Build.0 = Debug|Any CPU
		{B78881F5-FAF3-6359-497A-FCFF83FE803D}.Release|Any CPU.ActiveCfg = Release|Any CPU
		{B78881F5-FAF3-6359-497A-FCFF83FE803D}.Release|Any CPU.Build.0 = Release|Any CPU
		{4582DE0B-47C1-79F5-D620-3796291F7729}.Debug|Any CPU.ActiveCfg = Debug|Any CPU
		{4582DE0B-47C1-79F5-D620-3796291F7729}.Debug|Any CPU.Build.0 = Debug|Any CPU
		{4582DE0B-47C1-79F5-D620-3796291F7729}.Release|Any CPU.ActiveCfg = Release|Any CPU
		{4582DE0B-47C1-79F5-D620-3796291F7729}.Release|Any CPU.Build.0 = Release|Any CPU
		{37680810-EF8D-E87B-B87C-ED8D2CD94E27}.Debug|Any CPU.ActiveCfg = Debug|Any CPU
		{37680810-EF8D-E87B-B87C-ED8D2CD94E27}.Debug|Any CPU.Build.0 = Debug|Any CPU
		{37680810-EF8D-E87B-B87C-ED8D2CD94E27}.Release|Any CPU.ActiveCfg = Release|Any CPU
		{37680810-EF8D-E87B-B87C-ED8D2CD94E27}.Release|Any CPU.Build.0 = Release|Any CPU
		{C439F068-B680-6195-AE54-B46018DD039B}.Debug|Any CPU.ActiveCfg = Debug|Any CPU
		{C439F068-B680-6195-AE54-B46018DD039B}.Debug|Any CPU.Build.0 = Debug|Any CPU
		{C439F068-B680-6195-AE54-B46018DD039B}.Release|Any CPU.ActiveCfg = Release|Any CPU
		{C439F068-B680-6195-AE54-B46018DD039B}.Release|Any CPU.Build.0 = Release|Any CPU
	EndGlobalSection
	GlobalSection(SolutionProperties) = preSolution
		HideSolutionNode = FALSE
	EndGlobalSection
EndGlobal
